PODS:
  - Nimble (5.0.0-alpha.30p1)
  - SwiftHelpers (0.2.0):
    - SwiftHelpers/Diff (= 0.2.0)
    - SwiftHelpers/Dispatch (= 0.2.0)
    - SwiftHelpers/Optional (= 0.2.0)
  - SwiftHelpers/Diff (0.2.0)
  - SwiftHelpers/Dispatch (0.2.0)
  - SwiftHelpers/Optional (0.2.0)

DEPENDENCIES:
  - Nimble (from `https://github.com/bartekchlebek/Nimble.git`)
  - SwiftHelpers (from `../`)

EXTERNAL SOURCES:
  Nimble:
    :git: https://github.com/bartekchlebek/Nimble.git
  SwiftHelpers:
    :path: ../

CHECKOUT OPTIONS:
  Nimble:
    :commit: 9004da6663088c2e3736fc083843447b1d366e22
    :git: https://github.com/bartekchlebek/Nimble.git

SPEC CHECKSUMS:
  Nimble: c5b995b4cd57789ec44b0cfb79640fc00e61a8c7
  SwiftHelpers: 193fae93e441085d024b0dce428b4a252330a643

PODFILE CHECKSUM: 26322490d1a134048d7515211eb56480129535da

COCOAPODS: 1.0.1
