PODS:
  - Nimble (3.2.0)
  - Quick (0.9.1)
  - SwiftHelpers (0.2.0):
    - SwiftHelpers/Diff (= 0.2.0)
    - SwiftHelpers/Dispatch (= 0.2.0)
    - SwiftHelpers/Optional (= 0.2.0)
  - SwiftHelpers/Diff (0.2.0)
  - SwiftHelpers/Dispatch (0.2.0)
  - SwiftHelpers/Optional (0.2.0)

DEPENDENCIES:
  - Nimble (~> 3.0)
  - Quick (~> 0.8)
  - SwiftHelpers (from `../`)

EXTERNAL SOURCES:
  SwiftHelpers:
    :path: ../

SPEC CHECKSUMS:
  Nimble: 703854335d181df169bbca9c97117b5cf8c47c1d
  Quick: a5221fc21788b6aeda934805e68b061839bc3165
  SwiftHelpers: 193fae93e441085d024b0dce428b4a252330a643

COCOAPODS: 0.39.0
